
Microsoft Visual Studio Solution File, Format Version 12.00
# Visual Studio Version 16
VisualStudioVersion = 16.0.30804.86
MinimumVisualStudioVersion = 10.0.40219.1
Project("{FAE04EC0-301F-11D3-BF4B-00C04F79EFBC}") = "KillemAll", "KillemAll.csproj", "{9E95748B-33B0-4E20-8F32-A405BB1AEC07}"
EndProject
Global
	GlobalSection(SolutionConfigurationPlatforms) = preSolution
		Debug|Any CPU = Debug|Any CPU
		Release|Any CPU = Release|Any CPU
	EndGlobalSection
	GlobalSection(ProjectConfigurationPlatforms) = postSolution
		{9E95748B-33B0-4E20-8F32-A405BB1AEC07}.Debug|Any CPU.ActiveCfg = Debug|Any CPU
		{9E95748B-33B0-4E20-8F32-A405BB1AEC07}.Debug|Any CPU.Build.0 = Debug|Any CPU
		{9E95748B-33B0-4E20-8F32-A405BB1AEC07}.Release|Any CPU.ActiveCfg = Release|Any CPU
		{9E95748B-33B0-4E20-8F32-A405BB1AEC07}.Release|Any CPU.Build.0 = Release|Any CPU
	EndGlobalSection
	GlobalSection(SolutionProperties) = preSolution
		HideSolutionNode = FALSE
	EndGlobalSection
	GlobalSection(ExtensibilityGlobals) = postSolution
		SolutionGuid = {6B8ADB36-7D34-4C0A-8C77-76033F516472}
	EndGlobalSection
EndGlobal
